
Microsoft Visual Studio Solution File, Format Version 12.00
# Visual Studio Version 17
VisualStudioVersion = 17.8.34330.188
MinimumVisualStudioVersion = 10.0.40219.1
Project("{9A19103F-16F7-4668-BE54-9A1E7A4F7556}") = "Infrastructure", "Infrastructure\Infrastructure.csproj", "{E777F56D-114C-47D6-9773-992A40CF1650}"
EndProject
Project("{9A19103F-16F7-4668-BE54-9A1E7A4F7556}") = "Presentation.wpf", "Presentation.wpf\Presentation.wpf.csproj", "{D0352349-9437-4F8B-A2B2-26D1685CCBB0}"
EndProject
Project("{9A19103F-16F7-4668-BE54-9A1E7A4F7556}") = "Shared", "Shared\Shared.csproj", "{07AC7DC6-4F95-4DB5-A2F2-439CC0FE1109}"
EndProject
Global
	GlobalSection(SolutionConfigurationPlatforms) = preSolution
		Debug|Any CPU = Debug|Any CPU
		Release|Any CPU = Release|Any CPU
	EndGlobalSection
	GlobalSection(ProjectConfigurationPlatforms) = postSolution
		{E777F56D-114C-47D6-9773-992A40CF1650}.Debug|Any CPU.ActiveCfg = Debug|Any CPU
		{E777F56D-114C-47D6-9773-992A40CF1650}.Debug|Any CPU.Build.0 = Debug|Any CPU
		{E777F56D-114C-47D6-9773-992A40CF1650}.Release|Any CPU.ActiveCfg = Release|Any CPU
		{E777F56D-114C-47D6-9773-992A40CF1650}.Release|Any CPU.Build.0 = Release|Any CPU
		{D0352349-9437-4F8B-A2B2-26D1685CCBB0}.Debug|Any CPU.ActiveCfg = Debug|Any CPU
		{D0352349-9437-4F8B-A2B2-26D1685CCBB0}.Debug|Any CPU.Build.0 = Debug|Any CPU
		{D0352349-9437-4F8B-A2B2-26D1685CCBB0}.Release|Any CPU.ActiveCfg = Release|Any CPU
		{D0352349-9437-4F8B-A2B2-26D1685CCBB0}.Release|Any CPU.Build.0 = Release|Any CPU
		{07AC7DC6-4F95-4DB5-A2F2-439CC0FE1109}.Debug|Any CPU.ActiveCfg = Debug|Any CPU
		{07AC7DC6-4F95-4DB5-A2F2-439CC0FE1109}.Debug|Any CPU.Build.0 = Debug|Any CPU
		{07AC7DC6-4F95-4DB5-A2F2-439CC0FE1109}.Release|Any CPU.ActiveCfg = Release|Any CPU
		{07AC7DC6-4F95-4DB5-A2F2-439CC0FE1109}.Release|Any CPU.Build.0 = Release|Any CPU
	EndGlobalSection
	GlobalSection(SolutionProperties) = preSolution
		HideSolutionNode = FALSE
	EndGlobalSection
	GlobalSection(ExtensibilityGlobals) = postSolution
		SolutionGuid = {7FEE8DBB-E91D-4956-954A-9A6A302B5548}
	EndGlobalSection
EndGlobal
